
Microsoft Visual Studio Solution File, Format Version 12.00
# Visual Studio Version 17
VisualStudioVersion = 17.6.33723.286
MinimumVisualStudioVersion = 10.0.40219.1
Project("{8BC9CEB8-8B4A-11D0-8D11-00A0C91BC942}") = "Prog_challenge", "Prog_challenge\Prog_challenge.vcxproj", "{27265305-0C1A-4DAF-AAF5-D5CC14964268}"
EndProject
Global
	GlobalSection(SolutionConfigurationPlatforms) = preSolution
		Debug|x64 = Debug|x64
		Debug|x86 = Debug|x86
		Release|x64 = Release|x64
		Release|x86 = Release|x86
	EndGlobalSection
	GlobalSection(ProjectConfigurationPlatforms) = postSolution
		{27265305-0C1A-4DAF-AAF5-D5CC14964268}.Debug|x64.ActiveCfg = Debug|x64
		{27265305-0C1A-4DAF-AAF5-D5CC14964268}.Debug|x64.Build.0 = Debug|x64
		{27265305-0C1A-4DAF-AAF5-D5CC14964268}.Debug|x86.ActiveCfg = Debug|Win32
		{27265305-0C1A-4DAF-AAF5-D5CC14964268}.Debug|x86.Build.0 = Debug|Win32
		{27265305-0C1A-4DAF-AAF5-D5CC14964268}.Release|x64.ActiveCfg = Release|x64
		{27265305-0C1A-4DAF-AAF5-D5CC14964268}.Release|x64.Build.0 = Release|x64
		{27265305-0C1A-4DAF-AAF5-D5CC14964268}.Release|x86.ActiveCfg = Release|Win32
		{27265305-0C1A-4DAF-AAF5-D5CC14964268}.Release|x86.Build.0 = Release|Win32
	EndGlobalSection
	GlobalSection(SolutionProperties) = preSolution
		HideSolutionNode = FALSE
	EndGlobalSection
	GlobalSection(ExtensibilityGlobals) = postSolution
		SolutionGuid = {B6C9C91A-3211-43BB-B194-AFBF389FB00F}
	EndGlobalSection
EndGlobal
